
Microsoft Visual Studio Solution File, Format Version 12.00
# Visual Studio Version 16
VisualStudioVersion = 16.0.30804.86
MinimumVisualStudioVersion = 10.0.40219.1
Project("{FAE04EC0-301F-11D3-BF4B-00C04F79EFBC}") = "nguyen_cake", "nguyen_cake\nguyen_cake.csproj", "{36789503-6E24-42B6-B671-BFA76516319E}"
EndProject
Global
	GlobalSection(SolutionConfigurationPlatforms) = preSolution
		Debug|Any CPU = Debug|Any CPU
		Release|Any CPU = Release|Any CPU
	EndGlobalSection
	GlobalSection(ProjectConfigurationPlatforms) = postSolution
		{36789503-6E24-42B6-B671-BFA76516319E}.Debug|Any CPU.ActiveCfg = Debug|Any CPU
		{36789503-6E24-42B6-B671-BFA76516319E}.Debug|Any CPU.Build.0 = Debug|Any CPU
		{36789503-6E24-42B6-B671-BFA76516319E}.Release|Any CPU.ActiveCfg = Release|Any CPU
		{36789503-6E24-42B6-B671-BFA76516319E}.Release|Any CPU.Build.0 = Release|Any CPU
	EndGlobalSection
	GlobalSection(SolutionProperties) = preSolution
		HideSolutionNode = FALSE
	EndGlobalSection
	GlobalSection(ExtensibilityGlobals) = postSolution
		SolutionGuid = {3112784E-1B87-4DBC-B443-D87D3AD89FA4}
	EndGlobalSection
EndGlobal
